
Microsoft Visual Studio Solution File, Format Version 12.00
# Visual Studio Version 17
VisualStudioVersion = 17.0.31903.59
MinimumVisualStudioVersion = 10.0.40219.1
Project("{FAE04EC0-301F-11D3-BF4B-00C04F79EFBC}") = "ListArray_Benchmarks", "ListArray_Benchmarks\ListArray_Benchmarks.csproj", "{799FB001-B2E7-4B92-9C54-F233592A99D2}"
EndProject
Global
	GlobalSection(SolutionConfigurationPlatforms) = preSolution
		Debug|Any CPU = Debug|Any CPU
		Release|Any CPU = Release|Any CPU
	EndGlobalSection
	GlobalSection(ProjectConfigurationPlatforms) = postSolution
		{799FB001-B2E7-4B92-9C54-F233592A99D2}.Debug|Any CPU.ActiveCfg = Debug|Any CPU
		{799FB001-B2E7-4B92-9C54-F233592A99D2}.Debug|Any CPU.Build.0 = Debug|Any CPU
		{799FB001-B2E7-4B92-9C54-F233592A99D2}.Release|Any CPU.ActiveCfg = Release|Any CPU
		{799FB001-B2E7-4B92-9C54-F233592A99D2}.Release|Any CPU.Build.0 = Release|Any CPU
	EndGlobalSection
	GlobalSection(SolutionProperties) = preSolution
		HideSolutionNode = FALSE
	EndGlobalSection
	GlobalSection(ExtensibilityGlobals) = postSolution
		SolutionGuid = {5C54D95B-B9B9-43BF-B5AD-2AFED1543995}
	EndGlobalSection
EndGlobal
